
Microsoft Visual Studio Solution File, Format Version 12.00
# Visual Studio Version 17
VisualStudioVersion = 17.14.36603.0 d17.14
MinimumVisualStudioVersion = 10.0.40219.1
Project("{FAE04EC0-301F-11D3-BF4B-00C04F79EFBC}") = "USCF Game List", "USCF Game List\USCF Game List.csproj", "{4CDA7C58-8D92-4685-A258-4C0735E5E105}"
EndProject
Global
	GlobalSection(SolutionConfigurationPlatforms) = preSolution
		Debug|Any CPU = Debug|Any CPU
		Release|Any CPU = Release|Any CPU
	EndGlobalSection
	GlobalSection(ProjectConfigurationPlatforms) = postSolution
		{4CDA7C58-8D92-4685-A258-4C0735E5E105}.Debug|Any CPU.ActiveCfg = Debug|Any CPU
		{4CDA7C58-8D92-4685-A258-4C0735E5E105}.Debug|Any CPU.Build.0 = Debug|Any CPU
		{4CDA7C58-8D92-4685-A258-4C0735E5E105}.Release|Any CPU.ActiveCfg = Release|Any CPU
		{4CDA7C58-8D92-4685-A258-4C0735E5E105}.Release|Any CPU.Build.0 = Release|Any CPU
	EndGlobalSection
	GlobalSection(SolutionProperties) = preSolution
		HideSolutionNode = FALSE
	EndGlobalSection
	GlobalSection(ExtensibilityGlobals) = postSolution
		SolutionGuid = {975AB8E7-A3E8-4E86-B9C7-DC09CE63F179}
	EndGlobalSection
EndGlobal
